// !$*UTF8*$!
{
	archiveVersion = 1;
	classes = {
	};
	objectVersion = 50;
	objects = {

/* Begin PBXBuildFile section */
		108D73E521C20A440086111A /* AppDelegate.swift in Sources */ = {isa = PBXBuildFile; fileRef = 108D73E421C20A440086111A /* AppDelegate.swift */; };
		108D73E721C20A440086111A /* ViewController.swift in Sources */ = {isa = PBXBuildFile; fileRef = 108D73E621C20A440086111A /* ViewController.swift */; };
		108D73EA21C20A440086111A /* Main.storyboard in Resources */ = {isa = PBXBuildFile; fileRef = 108D73E821C20A440086111A /* Main.storyboard */; };
		108D73EC21C20A460086111A /* Assets.xcassets in Resources */ = {isa = PBXBuildFile; fileRef = 108D73EB21C20A460086111A /* Assets.xcassets */; };
		108D73EF21C20A460086111A /* LaunchScreen.storyboard in Resources */ = {isa = PBXBuildFile; fileRef = 108D73ED21C20A460086111A /* LaunchScreen.storyboard */; };
		108D73FA21C20A470086111A /* AssignmentTests.swift in Sources */ = {isa = PBXBuildFile; fileRef = 108D73F921C20A470086111A /* AssignmentTests.swift */; };
		108D740521C20A880086111A /* data.json in Resources */ = {isa = PBXBuildFile; fileRef = 108D740421C20A880086111A /* data.json */; };
		108D740A21C2120B0086111A /* BaseObject.swift in Sources */ = {isa = PBXBuildFile; fileRef = 108D740921C2120B0086111A /* BaseObject.swift */; };
		108D740C21C21C910086111A /* Pet.swift in Sources */ = {isa = PBXBuildFile; fileRef = 108D740B21C21C910086111A /* Pet.swift */; };
		108D740E21C221E80086111A /* Car.swift in Sources */ = {isa = PBXBuildFile; fileRef = 108D740D21C221E80086111A /* Car.swift */; };
		108D741021C222C10086111A /* Product.swift in Sources */ = {isa = PBXBuildFile; fileRef = 108D740F21C222C10086111A /* Product.swift */; };
/* End PBXBuildFile section */

/* Begin PBXContainerItemProxy section */
		108D73F621C20A470086111A /* PBXContainerItemProxy */ = {
			isa = PBXContainerItemProxy;
			containerPortal = 108D73D921C20A440086111A /* Project object */;
			proxyType = 1;
			remoteGlobalIDString = 108D73E021C20A440086111A;
			remoteInfo = Assignment;
		};
/* End PBXContainerItemProxy section */

/* Begin PBXFileReference section */
		108D73E121C20A440086111A /* Assignment.app */ = {isa = PBXFileReference; explicitFileType = wrapper.application; includeInIndex = 0; path = Assignment.app; sourceTree = BUILT_PRODUCTS_DIR; };
		108D73E421C20A440086111A /* AppDelegate.swift */ = {isa = PBXFileReference; lastKnownFileType = sourcecode.swift; path = AppDelegate.swift; sourceTree = "<group>"; };
		108D73E621C20A440086111A /* ViewController.swift */ = {isa = PBXFileReference; lastKnownFileType = sourcecode.swift; path = ViewController.swift; sourceTree = "<group>"; };
		108D73E921C20A440086111A /* Base */ = {isa = PBXFileReference; lastKnownFileType = file.storyboard; name = Base; path = Base.lproj/Main.storyboard; sourceTree = "<group>"; };
		108D73EB21C20A460086111A /* Assets.xcassets */ = {isa = PBXFileReference; lastKnownFileType = folder.assetcatalog; path = Assets.xcassets; sourceTree = "<group>"; };
		108D73EE21C20A460086111A /* Base */ = {isa = PBXFileReference; lastKnownFileType = file.storyboard; name = Base; path = Base.lproj/LaunchScreen.storyboard; sourceTree = "<group>"; };
		108D73F021C20A460086111A /* Info.plist */ = {isa = PBXFileReference; lastKnownFileType = text.plist.xml; path = Info.plist; sourceTree = "<group>"; };
		108D73F521C20A470086111A /* AssignmentTests.xctest */ = {isa = PBXFileReference; explicitFileType = wrapper.cfbundle; includeInIndex = 0; path = AssignmentTests.xctest; sourceTree = BUILT_PRODUCTS_DIR; };
		108D73F921C20A470086111A /* AssignmentTests.swift */ = {isa = PBXFileReference; lastKnownFileType = sourcecode.swift; path = AssignmentTests.swift; sourceTree = "<group>"; };
		108D73FB21C20A470086111A /* Info.plist */ = {isa = PBXFileReference; lastKnownFileType = text.plist.xml; path = Info.plist; sourceTree = "<group>"; };
		108D740421C20A880086111A /* data.json */ = {isa = PBXFileReference; fileEncoding = 4; lastKnownFileType = text.json; path = data.json; sourceTree = "<group>"; };
		108D740921C2120B0086111A /* BaseObject.swift */ = {isa = PBXFileReference; lastKnownFileType = sourcecode.swift; path = BaseObject.swift; sourceTree = "<group>"; };
		108D740B21C21C910086111A /* Pet.swift */ = {isa = PBXFileReference; lastKnownFileType = sourcecode.swift; path = Pet.swift; sourceTree = "<group>"; };
		108D740D21C221E80086111A /* Car.swift */ = {isa = PBXFileReference; lastKnownFileType = sourcecode.swift; path = Car.swift; sourceTree = "<group>"; };
		108D740F21C222C10086111A /* Product.swift */ = {isa = PBXFileReference; lastKnownFileType = sourcecode.swift; path = Product.swift; sourceTree = "<group>"; };
/* End PBXFileReference section */

/* Begin PBXFrameworksBuildPhase section */
		108D73DE21C20A440086111A /* Frameworks */ = {
			isa = PBXFrameworksBuildPhase;
			buildActionMask = 2147483647;
			files = (
			);
			runOnlyForDeploymentPostprocessing = 0;
		};
		108D73F221C20A470086111A /* Frameworks */ = {
			isa = PBXFrameworksBuildPhase;
			buildActionMask = 2147483647;
			files = (
			);
			runOnlyForDeploymentPostprocessing = 0;
		};
/* End PBXFrameworksBuildPhase section */

/* Begin PBXGroup section */
		108D73D821C20A440086111A = {
			isa = PBXGroup;
			children = (
				108D73E321C20A440086111A /* Assignment */,
				108D73F821C20A470086111A /* AssignmentTests */,
				108D73E221C20A440086111A /* Products */,
			);
			sourceTree = "<group>";
		};
		108D73E221C20A440086111A /* Products */ = {
			isa = PBXGroup;
			children = (
				108D73E121C20A440086111A /* Assignment.app */,
				108D73F521C20A470086111A /* AssignmentTests.xctest */,
			);
			name = Products;
			sourceTree = "<group>";
		};
		108D73E321C20A440086111A /* Assignment */ = {
			isa = PBXGroup;
			children = (
				108D73E421C20A440086111A /* AppDelegate.swift */,
				108D73E621C20A440086111A /* ViewController.swift */,
				108D73E821C20A440086111A /* Main.storyboard */,
				108D73EB21C20A460086111A /* Assets.xcassets */,
				108D740621C20A980086111A /* Model */,
				108D73ED21C20A460086111A /* LaunchScreen.storyboard */,
				108D73F021C20A460086111A /* Info.plist */,
			);
			path = Assignment;
			sourceTree = "<group>";
		};
		108D73F821C20A470086111A /* AssignmentTests */ = {
			isa = PBXGroup;
			children = (
				108D73F921C20A470086111A /* AssignmentTests.swift */,
				108D73FB21C20A470086111A /* Info.plist */,
			);
			path = AssignmentTests;
			sourceTree = "<group>";
		};
		108D740621C20A980086111A /* Model */ = {
			isa = PBXGroup;
			children = (
				108D740421C20A880086111A /* data.json */,
				108D740921C2120B0086111A /* BaseObject.swift */,
				108D740B21C21C910086111A /* Pet.swift */,
				108D740D21C221E80086111A /* Car.swift */,
				108D740F21C222C10086111A /* Product.swift */,
			);
			name = Model;
			sourceTree = "<group>";
		};
/* End PBXGroup section */

/* Begin PBXNativeTarget section */
		108D73E021C20A440086111A /* Assignment */ = {
			isa = PBXNativeTarget;
			buildConfigurationList = 108D73FE21C20A470086111A /* Build configuration list for PBXNativeTarget "Assignment" */;
			buildPhases = (
				108D73DD21C20A440086111A /* Sources */,
				108D73DE21C20A440086111A /* Frameworks */,
				108D73DF21C20A440086111A /* Resources */,
			);
			buildRules = (
			);
			dependencies = (
			);
			name = Assignment;
			productName = Assignment;
			productReference = 108D73E121C20A440086111A /* Assignment.app */;
			productType = "com.apple.product-type.application";
		};
		108D73F421C20A470086111A /* AssignmentTests */ = {
			isa = PBXNativeTarget;
			buildConfigurationList = 108D740121C20A470086111A /* Build configuration list for PBXNativeTarget "AssignmentTests" */;
			buildPhases = (
				108D73F121C20A470086111A /* Sources */,
				108D73F221C20A470086111A /* Frameworks */,
				108D73F321C20A470086111A /* Resources */,
			);
			buildRules = (
			);
			dependencies = (
				108D73F721C20A470086111A /* PBXTargetDependency */,
			);
			name = AssignmentTests;
			productName = AssignmentTests;
			productReference = 108D73F521C20A470086111A /* AssignmentTests.xctest */;
			productType = "com.apple.product-type.bundle.unit-test";
		};
/* End PBXNativeTarget section */

/* Begin PBXProject section */
		108D73D921C20A440086111A /* Project object */ = {
			isa = PBXProject;
			attributes = {
				LastSwiftUpdateCheck = 1010;
				LastUpgradeCheck = 1010;
				ORGANIZATIONNAME = "Iree García";
				TargetAttributes = {
					108D73E021C20A440086111A = {
						CreatedOnToolsVersion = 10.1;
					};
					108D73F421C20A470086111A = {
						CreatedOnToolsVersion = 10.1;
						TestTargetID = 108D73E021C20A440086111A;
					};
				};
			};
			buildConfigurationList = 108D73DC21C20A440086111A /* Build configuration list for PBXProject "Assignment" */;
			compatibilityVersion = "Xcode 9.3";
			developmentRegion = en;
			hasScannedForEncodings = 0;
			knownRegions = (
				en,
				Base,
			);
			mainGroup = 108D73D821C20A440086111A;
			productRefGroup = 108D73E221C20A440086111A /* Products */;
			projectDirPath = "";
			projectRoot = "";
			targets = (
				108D73E021C20A440086111A /* Assignment */,
				108D73F421C20A470086111A /* AssignmentTests */,
			);
		};
/* End PBXProject section */

/* Begin PBXResourcesBuildPhase section */
		108D73DF21C20A440086111A /* Resources */ = {
			isa = PBXResourcesBuildPhase;
			buildActionMask = 2147483647;
			files = (
				108D73EF21C20A460086111A /* LaunchScreen.storyboard in Resources */,
				108D73EC21C20A460086111A /* Assets.xcassets in Resources */,
				108D73EA21C20A440086111A /* Main.storyboard in Resources */,
				108D740521C20A880086111A /* data.json in Resources */,
			);
			runOnlyForDeploymentPostprocessing = 0;
		};
		108D73F321C20A470086111A /* Resources */ = {
			isa = PBXResourcesBuildPhase;
			buildActionMask = 2147483647;
			files = (
			);
			runOnlyForDeploymentPostprocessing = 0;
		};
/* End PBXResourcesBuildPhase section */

/* Begin PBXSourcesBuildPhase section */
		108D73DD21C20A440086111A /* Sources */ = {
			isa = PBXSourcesBuildPhase;
			buildActionMask = 2147483647;
			files = (
				108D73E721C20A440086111A /* ViewController.swift in Sources */,
				108D740C21C21C910086111A /* Pet.swift in Sources */,
				108D740E21C221E80086111A /* Car.swift in Sources */,
				108D740A21C2120B0086111A /* BaseObject.swift in Sources */,
				108D73E521C20A440086111A /* AppDelegate.swift in Sources */,
				108D741021C222C10086111A /* Product.swift in Sources */,
			);
			runOnlyForDeploymentPostprocessing = 0;
		};
		108D73F121C20A470086111A /* Sources */ = {
			isa = PBXSourcesBuildPhase;
			buildActionMask = 2147483647;
			files = (
				108D73FA21C20A470086111A /* AssignmentTests.swift in Sources */,
			);
			runOnlyForDeploymentPostprocessing = 0;
		};
/* End PBXSourcesBuildPhase section */

/* Begin PBXTargetDependency section */
		108D73F721C20A470086111A /* PBXTargetDependency */ = {
			isa = PBXTargetDependency;
			target = 108D73E021C20A440086111A /* Assignment */;
			targetProxy = 108D73F621C20A470086111A /* PBXContainerItemProxy */;
		};
/* End PBXTargetDependency section */

/* Begin PBXVariantGroup section */
		108D73E821C20A440086111A /* Main.storyboard */ = {
			isa = PBXVariantGroup;
			children = (
				108D73E921C20A440086111A /* Base */,
			);
			name = Main.storyboard;
			sourceTree = "<group>";
		};
		108D73ED21C20A460086111A /* LaunchScreen.storyboard */ = {
			isa = PBXVariantGroup;
			children = (
				108D73EE21C20A460086111A /* Base */,
			);
			name = LaunchScreen.storyboard;
			sourceTree = "<group>";
		};
/* End PBXVariantGroup section */

/* Begin XCBuildConfiguration section */
		108D73FC21C20A470086111A /* Debug */ = {
			isa = XCBuildConfiguration;
			buildSettings = {
				ALWAYS_SEARCH_USER_PATHS = NO;
				CLANG_ANALYZER_NONNULL = YES;
				CLANG_ANALYZER_NUMBER_OBJECT_CONVERSION = YES_AGGRESSIVE;
				CLANG_CXX_LANGUAGE_STANDARD = "gnu++14";
				CLANG_CXX_LIBRARY = "libc++";
				CLANG_ENABLE_MODULES = YES;
				CLANG_ENABLE_OBJC_ARC = YES;
				CLANG_ENABLE_OBJC_WEAK = YES;
				CLANG_WARN_BLOCK_CAPTURE_AUTORELEASING = YES;
				CLANG_WARN_BOOL_CONVERSION = YES;
				CLANG_WARN_COMMA = YES;
				CLANG_WARN_CONSTANT_CONVERSION = YES;
				CLANG_WARN_DEPRECATED_OBJC_IMPLEMENTATIONS = YES;
				CLANG_WARN_DIRECT_OBJC_ISA_USAGE = YES_ERROR;
				CLANG_WARN_DOCUMENTATION_COMMENTS = YES;
				CLANG_WARN_EMPTY_BODY = YES;
				CLANG_WARN_ENUM_CONVERSION = YES;
				CLANG_WARN_INFINITE_RECURSION = YES;
				CLANG_WARN_INT_CONVERSION = YES;
				CLANG_WARN_NON_LITERAL_NULL_CONVERSION = YES;
				CLANG_WARN_OBJC_IMPLICIT_RETAIN_SELF = YES;
				CLANG_WARN_OBJC_LITERAL_CONVERSION = YES;
				CLANG_WARN_OBJC_ROOT_CLASS = YES_ERROR;
				CLANG_WARN_RANGE_LOOP_ANALYSIS = YES;
				CLANG_WARN_STRICT_PROTOTYPES = YES;
				CLANG_WARN_SUSPICIOUS_MOVE = YES;
				CLANG_WARN_UNGUARDED_AVAILABILITY = YES_AGGRESSIVE;
				CLANG_WARN_UNREACHABLE_CODE = YES;
				CLANG_WARN__DUPLICATE_METHOD_MATCH = YES;
				CODE_SIGN_IDENTITY = "iPhone Developer";
				COPY_PHASE_STRIP = NO;
				DEBUG_INFORMATION_FORMAT = dwarf;
				ENABLE_STRICT_OBJC_MSGSEND = YES;
				ENABLE_TESTABILITY = YES;
				GCC_C_LANGUAGE_STANDARD = gnu11;
				GCC_DYNAMIC_NO_PIC = NO;
				GCC_NO_COMMON_BLOCKS = YES;
				GCC_OPTIMIZATION_LEVEL = 0;
				GCC_PREPROCESSOR_DEFINITIONS = (
					"DEBUG=1",
					"$(inherited)",
				);
				GCC_WARN_64_TO_32_BIT_CONVERSION = YES;
				GCC_WARN_ABOUT_RETURN_TYPE = YES_ERROR;
				GCC_WARN_UNDECLARED_SELECTOR = YES;
				GCC_WARN_UNINITIALIZED_AUTOS = YES_AGGRESSIVE;
				GCC_WARN_UNUSED_FUNCTION = YES;
				GCC_WARN_UNUSED_VARIABLE = YES;
				IPHONEOS_DEPLOYMENT_TARGET = 12.1;
				MTL_ENABLE_DEBUG_INFO = INCLUDE_SOURCE;
				MTL_FAST_MATH = YES;
				ONLY_ACTIVE_ARCH = YES;
				SDKROOT = iphoneos;
				SWIFT_ACTIVE_COMPILATION_CONDITIONS = DEBUG;
				SWIFT_OPTIMIZATION_LEVEL = "-Onone";
			};
			name = Debug;
		};
		108D73FD21C20A470086111A /* Release */ = {
			isa = XCBuildConfiguration;
			buildSettings = {
				ALWAYS_SEARCH_USER_PATHS = NO;
				CLANG_ANALYZER_NONNULL = YES;
				CLANG_ANALYZER_NUMBER_OBJECT_CONVERSION = YES_AGGRESSIVE;
				CLANG_CXX_LANGUAGE_STANDARD = "gnu++14";
				CLANG_CXX_LIBRARY = "libc++";
				CLANG_ENABLE_MODULES = YES;
				CLANG_ENABLE_OBJC_ARC = YES;
				CLANG_ENABLE_OBJC_WEAK = YES;
				CLANG_WARN_BLOCK_CAPTURE_AUTORELEASING = YES;
				CLANG_WARN_BOOL_CONVERSION = YES;
				CLANG_WARN_COMMA = YES;
				CLANG_WARN_CONSTANT_CONVERSION = YES;
				CLANG_WARN_DEPRECATED_OBJC_IMPLEMENTATIONS = YES;
				CLANG_WARN_DIRECT_OBJC_ISA_USAGE = YES_ERROR;
				CLANG_WARN_DOCUMENTATION_COMMENTS = YES;
				CLANG_WARN_EMPTY_BODY = YES;
				CLANG_WARN_ENUM_CONVERSION = YES;
				CLANG_WARN_INFINITE_RECURSION = YES;
				CLANG_WARN_INT_CONVERSION = YES;
				CLANG_WARN_NON_LITERAL_NULL_CONVERSION = YES;
				CLANG_WARN_OBJC_IMPLICIT_RETAIN_SELF = YES;
				CLANG_WARN_OBJC_LITERAL_CONVERSION = YES;
				CLANG_WARN_OBJC_ROOT_CLASS = YES_ERROR;
				CLANG_WARN_RANGE_LOOP_ANALYSIS = YES;
				CLANG_WARN_STRICT_PROTOTYPES = YES;
				CLANG_WARN_SUSPICIOUS_MOVE = YES;
				CLANG_WARN_UNGUARDED_AVAILABILITY = YES_AGGRESSIVE;
				CLANG_WARN_UNREACHABLE_CODE = YES;
				CLANG_WARN__DUPLICATE_METHOD_MATCH = YES;
				CODE_SIGN_IDENTITY = "iPhone Developer";
				COPY_PHASE_STRIP = NO;
				DEBUG_INFORMATION_FORMAT = "dwarf-with-dsym";
				ENABLE_NS_ASSERTIONS = NO;
				ENABLE_STRICT_OBJC_MSGSEND = YES;
				GCC_C_LANGUAGE_STANDARD = gnu11;
				GCC_NO_COMMON_BLOCKS = YES;
				GCC_WARN_64_TO_32_BIT_CONVERSION = YES;
				GCC_WARN_ABOUT_RETURN_TYPE = YES_ERROR;
				GCC_WARN_UNDECLARED_SELECTOR = YES;
				GCC_WARN_UNINITIALIZED_AUTOS = YES_AGGRESSIVE;
				GCC_WARN_UNUSED_FUNCTION = YES;
				GCC_WARN_UNUSED_VARIABLE = YES;
				IPHONEOS_DEPLOYMENT_TARGET = 12.1;
				MTL_ENABLE_DEBUG_INFO = NO;
				MTL_FAST_MATH = YES;
				SDKROOT = iphoneos;
				SWIFT_COMPILATION_MODE = wholemodule;
				SWIFT_OPTIMIZATION_LEVEL = "-O";
				VALIDATE_PRODUCT = YES;
			};
			name = Release;
		};
		108D73FF21C20A470086111A /* Debug */ = {
			isa = XCBuildConfiguration;
			buildSettings = {
				ASSETCATALOG_COMPILER_APPICON_NAME = AppIcon;
				CODE_SIGN_STYLE = Automatic;
				DEVELOPMENT_TEAM = 33KNHRG5VB;
				INFOPLIST_FILE = Assignment/Info.plist;
				LD_RUNPATH_SEARCH_PATHS = (
					"$(inherited)",
					"@executable_path/Frameworks",
				);
				PRODUCT_BUNDLE_IDENTIFIER = iree.Assignment;
				PRODUCT_NAME = "$(TARGET_NAME)";
				SWIFT_VERSION = 4.2;
				TARGETED_DEVICE_FAMILY = "1,2";
			};
			name = Debug;
		};
		108D740021C20A470086111A /* Release */ = {
			isa = XCBuildConfiguration;
			buildSettings = {
				ASSETCATALOG_COMPILER_APPICON_NAME = AppIcon;
				CODE_SIGN_STYLE = Automatic;
				DEVELOPMENT_TEAM = 33KNHRG5VB;
				INFOPLIST_FILE = Assignment/Info.plist;
				LD_RUNPATH_SEARCH_PATHS = (
					"$(inherited)",
					"@executable_path/Frameworks",
				);
				PRODUCT_BUNDLE_IDENTIFIER = iree.Assignment;
				PRODUCT_NAME = "$(TARGET_NAME)";
				SWIFT_VERSION = 4.2;
				TARGETED_DEVICE_FAMILY = "1,2";
			};
			name = Release;
		};
		108D740221C20A470086111A /* Debug */ = {
			isa = XCBuildConfiguration;
			buildSettings = {
				ALWAYS_EMBED_SWIFT_STANDARD_LIBRARIES = YES;
				BUNDLE_LOADER = "$(TEST_HOST)";
				CODE_SIGN_STYLE = Automatic;
				INFOPLIST_FILE = AssignmentTests/Info.plist;
				LD_RUNPATH_SEARCH_PATHS = (
					"$(inherited)",
					"@executable_path/Frameworks",
					"@loader_path/Frameworks",
				);
				PRODUCT_BUNDLE_IDENTIFIER = iree.AssignmentTests;
				PRODUCT_NAME = "$(TARGET_NAME)";
				SWIFT_VERSION = 4.2;
				TARGETED_DEVICE_FAMILY = "1,2";
				TEST_HOST = "$(BUILT_PRODUCTS_DIR)/Assignment.app/Assignment";
			};
			name = Debug;
		};
		108D740321C20A470086111A /* Release */ = {
			isa = XCBuildConfiguration;
			buildSettings = {
				ALWAYS_EMBED_SWIFT_STANDARD_LIBRARIES = YES;
				BUNDLE_LOADER = "$(TEST_HOST)";
				CODE_SIGN_STYLE = Automatic;
				INFOPLIST_FILE = AssignmentTests/Info.plist;
				LD_RUNPATH_SEARCH_PATHS = (
					"$(inherited)",
					"@executable_path/Frameworks",
					"@loader_path/Frameworks",
				);
				PRODUCT_BUNDLE_IDENTIFIER = iree.AssignmentTests;
				PRODUCT_NAME = "$(TARGET_NAME)";
				SWIFT_VERSION = 4.2;
				TARGETED_DEVICE_FAMILY = "1,2";
				TEST_HOST = "$(BUILT_PRODUCTS_DIR)/Assignment.app/Assignment";
			};
			name = Release;
		};
/* End XCBuildConfiguration section */

/* Begin XCConfigurationList section */
		108D73DC21C20A440086111A /* Build configuration list for PBXProject "Assignment" */ = {
			isa = XCConfigurationList;
			buildConfigurations = (
				108D73FC21C20A470086111A /* Debug */,
				108D73FD21C20A470086111A /* Release */,
			);
			defaultConfigurationIsVisible = 0;
			defaultConfigurationName = Release;
		};
		108D73FE21C20A470086111A /* Build configuration list for PBXNativeTarget "Assignment" */ = {
			isa = XCConfigurationList;
			buildConfigurations = (
				108D73FF21C20A470086111A /* Debug */,
				108D740021C20A470086111A /* Release */,
			);
			defaultConfigurationIsVisible = 0;
			defaultConfigurationName = Release;
		};
		108D740121C20A470086111A /* Build configuration list for PBXNativeTarget "AssignmentTests" */ = {
			isa = XCConfigurationList;
			buildConfigurations = (
				108D740221C20A470086111A /* Debug */,
				108D740321C20A470086111A /* Release */,
			);
			defaultConfigurationIsVisible = 0;
			defaultConfigurationName = Release;
		};
/* End XCConfigurationList section */
	};
	rootObject = 108D73D921C20A440086111A /* Project object */;
}
